<?xml version="1.0" encoding="utf-8"?>
<Project ToolsVersion="4.0" xmlns="http://schemas.microsoft.com/developer/msbuild/2003">
  <ItemGroup>
    <Filter Include="Source Files">
      <UniqueIdentifier>{4FC737F1-C7A5-4376-A066-2A32D752A2FF}</UniqueIdentifier>
      <Extensions>cpp;c;cc;cxx;def;odl;idl;hpj;bat;asm;asmx</Extensions>
    </Filter>
    <Filter Include="Header Files">
      <UniqueIdentifier>{93995380-89BD-4b04-88EB-625FBE52EBFB}</UniqueIdentifier>
      <Extensions>h;hh;hpp;hxx;hm;inl;inc;xsd</Extensions>
    </Filter>
    <Filter Include="Resource Files">
      <UniqueIdentifier>{67DA6AB6-F800-4c08-8B7A-83BB121AAD01}</UniqueIdentifier>
      <Extensions>rc;ico;cur;bmp;dlg;rc2;rct;bin;rgs;gif;jpg;jpeg;jpe;resx;tiff;tif;png;wav;mfcribbon-ms</Extensions>
    </Filter>
    <Filter Include="Source Files\generated">
      <UniqueIdentifier>{17624a45-bd6f-4a44-b061-ee05349b44c0}</UniqueIdentifier>
    </Filter>
    <Filter Include="Source Files\lexyacc">
      <UniqueIdentifier>{76ba06bf-451b-4df5-902c-e24dcb37d3e0}</UniqueIdentifier>
    </Filter>
  </ItemGroup>
  <ItemGroup>
    <None Include="python_lexic.l">
      <Filter>Source Files\lexyacc</Filter>
    </None>
    <None Include="python_syntax.y">
      <Filter>Source Files\lexyacc</Filter>
    </None>
  </ItemGroup>
  <ItemGroup>
    <ClCompile Include="y.tab.c">
      <Filter>Source Files\generated</Filter>
    </ClCompile>
    <ClCompile Include="lex.yy.c">
      <Filter>Source Files\generated</Filter>
    </ClCompile>
  </ItemGroup>
  <ItemGroup>
    <ClInclude Include="y.tab.h">
      <Filter>Header Files</Filter>
    </ClInclude>
  </ItemGroup>
</Project>